
Microsoft Visual Studio Solution File, Format Version 12.00
# Visual Studio 15
VisualStudioVersion = 15.0.28307.902
MinimumVisualStudioVersion = 10.0.40219.1
Project("{FAE04EC0-301F-11D3-BF4B-00C04F79EFBC}") = "AzureService", "AzureService\AzureService.csproj", "{0F562755-C81A-4605-A736-240CB4429373}"
EndProject
Project("{FAE04EC0-301F-11D3-BF4B-00C04F79EFBC}") = "AzureServiceHost", "AzureServiceHost\AzureServiceHost.csproj", "{7B16C8D2-D605-4C3F-A19F-2F5F4A57FB7E}"
EndProject
Project("{FAE04EC0-301F-11D3-BF4B-00C04F79EFBC}") = "AzureWindowsServiceHost", "AzureWindowsServiceHost\AzureWindowsServiceHost.csproj", "{1C204BF1-602E-4849-BE49-0D1504417B5A}"
EndProject
Global
	GlobalSection(SolutionConfigurationPlatforms) = preSolution
		Debug|Any CPU = Debug|Any CPU
		Release|Any CPU = Release|Any CPU
	EndGlobalSection
	GlobalSection(ProjectConfigurationPlatforms) = postSolution
		{0F562755-C81A-4605-A736-240CB4429373}.Debug|Any CPU.ActiveCfg = Debug|Any CPU
		{0F562755-C81A-4605-A736-240CB4429373}.Debug|Any CPU.Build.0 = Debug|Any CPU
		{0F562755-C81A-4605-A736-240CB4429373}.Release|Any CPU.ActiveCfg = Release|Any CPU
		{0F562755-C81A-4605-A736-240CB4429373}.Release|Any CPU.Build.0 = Release|Any CPU
		{7B16C8D2-D605-4C3F-A19F-2F5F4A57FB7E}.Debug|Any CPU.ActiveCfg = Debug|Any CPU
		{7B16C8D2-D605-4C3F-A19F-2F5F4A57FB7E}.Debug|Any CPU.Build.0 = Debug|Any CPU
		{7B16C8D2-D605-4C3F-A19F-2F5F4A57FB7E}.Release|Any CPU.ActiveCfg = Release|Any CPU
		{7B16C8D2-D605-4C3F-A19F-2F5F4A57FB7E}.Release|Any CPU.Build.0 = Release|Any CPU
		{1C204BF1-602E-4849-BE49-0D1504417B5A}.Debug|Any CPU.ActiveCfg = Debug|Any CPU
		{1C204BF1-602E-4849-BE49-0D1504417B5A}.Debug|Any CPU.Build.0 = Debug|Any CPU
		{1C204BF1-602E-4849-BE49-0D1504417B5A}.Release|Any CPU.ActiveCfg = Release|Any CPU
		{1C204BF1-602E-4849-BE49-0D1504417B5A}.Release|Any CPU.Build.0 = Release|Any CPU
	EndGlobalSection
	GlobalSection(SolutionProperties) = preSolution
		HideSolutionNode = FALSE
	EndGlobalSection
	GlobalSection(ExtensibilityGlobals) = postSolution
		SolutionGuid = {0A5BA98A-554F-4BD3-B502-84CBB96EE84D}
	EndGlobalSection
EndGlobal
